
Microsoft Visual Studio Solution File, Format Version 12.00
# Visual Studio Version 16
VisualStudioVersion = 16.0.31005.135
MinimumVisualStudioVersion = 10.0.40219.1
Project("{FAE04EC0-301F-11D3-BF4B-00C04F79EFBC}") = "COMSOL", "COMSOL\COMSOL.csproj", "{6DD12131-B04A-4E5F-B991-4F3354C6DA5B}"
EndProject
Global
	GlobalSection(SolutionConfigurationPlatforms) = preSolution
		Debug|Any CPU = Debug|Any CPU
		Release|Any CPU = Release|Any CPU
	EndGlobalSection
	GlobalSection(ProjectConfigurationPlatforms) = postSolution
		{6DD12131-B04A-4E5F-B991-4F3354C6DA5B}.Debug|Any CPU.ActiveCfg = Debug|Any CPU
		{6DD12131-B04A-4E5F-B991-4F3354C6DA5B}.Debug|Any CPU.Build.0 = Debug|Any CPU
		{6DD12131-B04A-4E5F-B991-4F3354C6DA5B}.Release|Any CPU.ActiveCfg = Release|Any CPU
		{6DD12131-B04A-4E5F-B991-4F3354C6DA5B}.Release|Any CPU.Build.0 = Release|Any CPU
	EndGlobalSection
	GlobalSection(SolutionProperties) = preSolution
		HideSolutionNode = FALSE
	EndGlobalSection
	GlobalSection(ExtensibilityGlobals) = postSolution
		SolutionGuid = {7598979D-089B-4CDB-8B73-65429A60F9C4}
	EndGlobalSection
EndGlobal
